
Microsoft Visual Studio Solution File, Format Version 12.00
# Visual Studio Version 17
VisualStudioVersion = 17.0.31903.59
MinimumVisualStudioVersion = 10.0.40219.1
Project("{2150E333-8FDC-42A3-9474-1A3956D46DE8}") = "src", "src", "{827E0CD3-B72D-47B6-A68D-7590B98EB39B}"
EndProject
Project("{FAE04EC0-301F-11D3-BF4B-00C04F79EFBC}") = "DocsApi.Domain", "src\DocsApi.Domain\DocsApi.Domain.csproj", "{1D2533EE-3FC6-48BE-8B53-CDA1F30210B6}"
EndProject
Project("{FAE04EC0-301F-11D3-BF4B-00C04F79EFBC}") = "DocsApi.Application", "src\DocsApi.Application\DocsApi.Application.csproj", "{F31B5165-023B-446A-9D39-6A5E873A7E59}"
EndProject
Project("{FAE04EC0-301F-11D3-BF4B-00C04F79EFBC}") = "DocsApi.Infrastructure", "src\DocsApi.Infrastructure\DocsApi.Infrastructure.csproj", "{FCDF2D17-52F3-4565-8D59-1CE565863F98}"
EndProject
Project("{FAE04EC0-301F-11D3-BF4B-00C04F79EFBC}") = "DocsApi.WebApi", "src\DocsApi.WebApi\DocsApi.WebApi.csproj", "{2409121A-E9EF-4152-ADAD-4E64B7527526}"
EndProject
Project("{2150E333-8FDC-42A3-9474-1A3956D46DE8}") = "tests", "tests", "{0AB3BF05-4346-4AA6-1389-037BE0695223}"
EndProject
Project("{FAE04EC0-301F-11D3-BF4B-00C04F79EFBC}") = "DocsApi.Unit", "tests\DocsApi.Unit\DocsApi.Unit.csproj", "{70DF2FF1-1336-441D-8848-9B53A0781CF9}"
EndProject
Project("{FAE04EC0-301F-11D3-BF4B-00C04F79EFBC}") = "DocsApi.Integration", "tests\DocsApi.Integration\DocsApi.Integration.csproj", "{9D617318-BCC9-401F-938A-E9E39FF22E40}"
EndProject
Global
	GlobalSection(SolutionConfigurationPlatforms) = preSolution
		Debug|Any CPU = Debug|Any CPU
		Debug|x64 = Debug|x64
		Debug|x86 = Debug|x86
		Release|Any CPU = Release|Any CPU
		Release|x64 = Release|x64
		Release|x86 = Release|x86
	EndGlobalSection
	GlobalSection(ProjectConfigurationPlatforms) = postSolution
		{1D2533EE-3FC6-48BE-8B53-CDA1F30210B6}.Debug|Any CPU.ActiveCfg = Debug|Any CPU
		{1D2533EE-3FC6-48BE-8B53-CDA1F30210B6}.Debug|Any CPU.Build.0 = Debug|Any CPU
		{1D2533EE-3FC6-48BE-8B53-CDA1F30210B6}.Debug|x64.ActiveCfg = Debug|Any CPU
		{1D2533EE-3FC6-48BE-8B53-CDA1F30210B6}.Debug|x64.Build.0 = Debug|Any CPU
		{1D2533EE-3FC6-48BE-8B53-CDA1F30210B6}.Debug|x86.ActiveCfg = Debug|Any CPU
		{1D2533EE-3FC6-48BE-8B53-CDA1F30210B6}.Debug|x86.Build.0 = Debug|Any CPU
		{1D2533EE-3FC6-48BE-8B53-CDA1F30210B6}.Release|Any CPU.ActiveCfg = Release|Any CPU
		{1D2533EE-3FC6-48BE-8B53-CDA1F30210B6}.Release|Any CPU.Build.0 = Release|Any CPU
		{1D2533EE-3FC6-48BE-8B53-CDA1F30210B6}.Release|x64.ActiveCfg = Release|Any CPU
		{1D2533EE-3FC6-48BE-8B53-CDA1F30210B6}.Release|x64.Build.0 = Release|Any CPU
		{1D2533EE-3FC6-48BE-8B53-CDA1F30210B6}.Release|x86.ActiveCfg = Release|Any CPU
		{1D2533EE-3FC6-48BE-8B53-CDA1F30210B6}.Release|x86.Build.0 = Release|Any CPU
		{F31B5165-023B-446A-9D39-6A5E873A7E59}.Debug|Any CPU.ActiveCfg = Debug|Any CPU
		{F31B5165-023B-446A-9D39-6A5E873A7E59}.Debug|Any CPU.Build.0 = Debug|Any CPU
		{F31B5165-023B-446A-9D39-6A5E873A7E59}.Debug|x64.ActiveCfg = Debug|Any CPU
		{F31B5165-023B-446A-9D39-6A5E873A7E59}.Debug|x64.Build.0 = Debug|Any CPU
		{F31B5165-023B-446A-9D39-6A5E873A7E59}.Debug|x86.ActiveCfg = Debug|Any CPU
		{F31B5165-023B-446A-9D39-6A5E873A7E59}.Debug|x86.Build.0 = Debug|Any CPU
		{F31B5165-023B-446A-9D39-6A5E873A7E59}.Release|Any CPU.ActiveCfg = Release|Any CPU
		{F31B5165-023B-446A-9D39-6A5E873A7E59}.Release|Any CPU.Build.0 = Release|Any CPU
		{F31B5165-023B-446A-9D39-6A5E873A7E59}.Release|x64.ActiveCfg = Release|Any CPU
		{F31B5165-023B-446A-9D39-6A5E873A7E59}.Release|x64.Build.0 = Release|Any CPU
		{F31B5165-023B-446A-9D39-6A5E873A7E59}.Release|x86.ActiveCfg = Release|Any CPU
		{F31B5165-023B-446A-9D39-6A5E873A7E59}.Release|x86.Build.0 = Release|Any CPU
		{FCDF2D17-52F3-4565-8D59-1CE565863F98}.Debug|Any CPU.ActiveCfg = Debug|Any CPU
		{FCDF2D17-52F3-4565-8D59-1CE565863F98}.Debug|Any CPU.Build.0 = Debug|Any CPU
		{FCDF2D17-52F3-4565-8D59-1CE565863F98}.Debug|x64.ActiveCfg = Debug|Any CPU
		{FCDF2D17-52F3-4565-8D59-1CE565863F98}.Debug|x64.Build.0 = Debug|Any CPU
		{FCDF2D17-52F3-4565-8D59-1CE565863F98}.Debug|x86.ActiveCfg = Debug|Any CPU
		{FCDF2D17-52F3-4565-8D59-1CE565863F98}.Debug|x86.Build.0 = Debug|Any CPU
		{FCDF2D17-52F3-4565-8D59-1CE565863F98}.Release|Any CPU.ActiveCfg = Release|Any CPU
		{FCDF2D17-52F3-4565-8D59-1CE565863F98}.Release|Any CPU.Build.0 = Release|Any CPU
		{FCDF2D17-52F3-4565-8D59-1CE565863F98}.Release|x64.ActiveCfg = Release|Any CPU
		{FCDF2D17-52F3-4565-8D59-1CE565863F98}.Release|x64.Build.0 = Release|Any CPU
		{FCDF2D17-52F3-4565-8D59-1CE565863F98}.Release|x86.ActiveCfg = Release|Any CPU
		{FCDF2D17-52F3-4565-8D59-1CE565863F98}.Release|x86.Build.0 = Release|Any CPU
		{2409121A-E9EF-4152-ADAD-4E64B7527526}.Debug|Any CPU.ActiveCfg = Debug|Any CPU
		{2409121A-E9EF-4152-ADAD-4E64B7527526}.Debug|Any CPU.Build.0 = Debug|Any CPU
		{2409121A-E9EF-4152-ADAD-4E64B7527526}.Debug|x64.ActiveCfg = Debug|Any CPU
		{2409121A-E9EF-4152-ADAD-4E64B7527526}.Debug|x64.Build.0 = Debug|Any CPU
		{2409121A-E9EF-4152-ADAD-4E64B7527526}.Debug|x86.ActiveCfg = Debug|Any CPU
		{2409121A-E9EF-4152-ADAD-4E64B7527526}.Debug|x86.Build.0 = Debug|Any CPU
		{2409121A-E9EF-4152-ADAD-4E64B7527526}.Release|Any CPU.ActiveCfg = Release|Any CPU
		{2409121A-E9EF-4152-ADAD-4E64B7527526}.Release|Any CPU.Build.0 = Release|Any CPU
		{2409121A-E9EF-4152-ADAD-4E64B7527526}.Release|x64.ActiveCfg = Release|Any CPU
		{2409121A-E9EF-4152-ADAD-4E64B7527526}.Release|x64.Build.0 = Release|Any CPU
		{2409121A-E9EF-4152-ADAD-4E64B7527526}.Release|x86.ActiveCfg = Release|Any CPU
		{2409121A-E9EF-4152-ADAD-4E64B7527526}.Release|x86.Build.0 = Release|Any CPU
		{70DF2FF1-1336-441D-8848-9B53A0781CF9}.Debug|Any CPU.ActiveCfg = Debug|Any CPU
		{70DF2FF1-1336-441D-8848-9B53A0781CF9}.Debug|Any CPU.Build.0 = Debug|Any CPU
		{70DF2FF1-1336-441D-8848-9B53A0781CF9}.Debug|x64.ActiveCfg = Debug|Any CPU
		{70DF2FF1-1336-441D-8848-9B53A0781CF9}.Debug|x64.Build.0 = Debug|Any CPU
		{70DF2FF1-1336-441D-8848-9B53A0781CF9}.Debug|x86.ActiveCfg = Debug|Any CPU
		{70DF2FF1-1336-441D-8848-9B53A0781CF9}.Debug|x86.Build.0 = Debug|Any CPU
		{70DF2FF1-1336-441D-8848-9B53A0781CF9}.Release|Any CPU.ActiveCfg = Release|Any CPU
		{70DF2FF1-1336-441D-8848-9B53A0781CF9}.Release|Any CPU.Build.0 = Release|Any CPU
		{70DF2FF1-1336-441D-8848-9B53A0781CF9}.Release|x64.ActiveCfg = Release|Any CPU
		{70DF2FF1-1336-441D-8848-9B53A0781CF9}.Release|x64.Build.0 = Release|Any CPU
		{70DF2FF1-1336-441D-8848-9B53A0781CF9}.Release|x86.ActiveCfg = Release|Any CPU
		{70DF2FF1-1336-441D-8848-9B53A0781CF9}.Release|x86.Build.0 = Release|Any CPU
		{9D617318-BCC9-401F-938A-E9E39FF22E40}.Debug|Any CPU.ActiveCfg = Debug|Any CPU
		{9D617318-BCC9-401F-938A-E9E39FF22E40}.Debug|Any CPU.Build.0 = Debug|Any CPU
		{9D617318-BCC9-401F-938A-E9E39FF22E40}.Debug|x64.ActiveCfg = Debug|Any CPU
		{9D617318-BCC9-401F-938A-E9E39FF22E40}.Debug|x64.Build.0 = Debug|Any CPU
		{9D617318-BCC9-401F-938A-E9E39FF22E40}.Debug|x86.ActiveCfg = Debug|Any CPU
		{9D617318-BCC9-401F-938A-E9E39FF22E40}.Debug|x86.Build.0 = Debug|Any CPU
		{9D617318-BCC9-401F-938A-E9E39FF22E40}.Release|Any CPU.ActiveCfg = Release|Any CPU
		{9D617318-BCC9-401F-938A-E9E39FF22E40}.Release|Any CPU.Build.0 = Release|Any CPU
		{9D617318-BCC9-401F-938A-E9E39FF22E40}.Release|x64.ActiveCfg = Release|Any CPU
		{9D617318-BCC9-401F-938A-E9E39FF22E40}.Release|x64.Build.0 = Release|Any CPU
		{9D617318-BCC9-401F-938A-E9E39FF22E40}.Release|x86.ActiveCfg = Release|Any CPU
		{9D617318-BCC9-401F-938A-E9E39FF22E40}.Release|x86.Build.0 = Release|Any CPU
	EndGlobalSection
	GlobalSection(SolutionProperties) = preSolution
		HideSolutionNode = FALSE
	EndGlobalSection
	GlobalSection(NestedProjects) = preSolution
		{1D2533EE-3FC6-48BE-8B53-CDA1F30210B6} = {827E0CD3-B72D-47B6-A68D-7590B98EB39B}
		{F31B5165-023B-446A-9D39-6A5E873A7E59} = {827E0CD3-B72D-47B6-A68D-7590B98EB39B}
		{FCDF2D17-52F3-4565-8D59-1CE565863F98} = {827E0CD3-B72D-47B6-A68D-7590B98EB39B}
		{2409121A-E9EF-4152-ADAD-4E64B7527526} = {827E0CD3-B72D-47B6-A68D-7590B98EB39B}
		{70DF2FF1-1336-441D-8848-9B53A0781CF9} = {0AB3BF05-4346-4AA6-1389-037BE0695223}
		{9D617318-BCC9-401F-938A-E9E39FF22E40} = {0AB3BF05-4346-4AA6-1389-037BE0695223}
	EndGlobalSection
EndGlobal
